{
  "nodes": {
    "nixpkgs": {
      "locked": {
        "lastModified": 1735934011,
        "narHash": "sha256-b1IlMUAxW82O0HsxgnAkLib3dALQ78jgVhVbgdsbvBs=",
        "owner": "nixos",
        "repo": "nixpkgs",
        "rev": "a32a06fee7f60a027d492302eba857b2faadb5fb",
        "type": "github"
      },
      "original": {
        "owner": "nixos",
        "repo": "nixpkgs",
        "type": "github"
      }
    },
    "root": {
      "inputs": {
        "nixpkgs": "nixpkgs"
      }
    }
  },
  "root": "root",
  "version": 7
}
