{
  "nodes": {
    "nixpkgs": {
      "locked": {
        "lastModified": 1735926732,
        "narHash": "sha256-mYTOSm+u95j2KaC5trOTy1IlXAM5opZUKjUlpJusz6U=",
        "owner": "nixos",
        "repo": "nixpkgs",
        "rev": "f585e482bd221d74f6bb5482ea66d26e7dc7af14",
        "type": "github"
      },
      "original": {
        "owner": "nixos",
        "repo": "nixpkgs",
        "type": "github"
      }
    },
    "root": {
      "inputs": {
        "nixpkgs": "nixpkgs"
      }
    }
  },
  "root": "root",
  "version": 7
}
